{
    "_meta": {
        "hash": {
            "sha256": "c6024a98e0a840640c7a778bafd7b577ec3dd4128dd9bbc3fb588d9734aa2ada"
        },
        "host-environment-markers": {
            "implementation_name": "cpython",
            "implementation_version": "3.6.5",
            "os_name": "posix",
            "platform_machine": "x86_64",
            "platform_python_implementation": "CPython",
            "platform_release": "17.5.0",
            "platform_system": "Darwin",
            "platform_version": "Darwin Kernel Version 17.5.0: Fri Apr 13 19:32:32 PDT 2018; root:xnu-4570.51.2~1/RELEASE_X86_64",
            "python_full_version": "3.6.5",
            "python_version": "3.6",
            "sys_platform": "darwin"
        },
        "pipfile-spec": 6,
        "requires": {
            "python_version": "3.6"
        },
        "sources": [
            {
                "name": "pypi",
                "url": "https://pypi.org/simple",
                "verify_ssl": true
            }
        ]
    },
    "default": {
        "appnope": {
            "hashes": [],
            "markers": "sys_platform == 'darwin'",
            "version": "==0.1.0"
        },
        "backcall": {
            "hashes": [],
            "version": "==0.1.0"
        },
        "beautifulsoup4": {
            "hashes": [],
            "version": "==4.6.0"
        },
        "bleach": {
            "hashes": [],
            "version": "==2.1.3"
        },
        "bs4": {
            "hashes": [],
            "version": "==0.0.1"
        },
        "certifi": {
            "hashes": [],
            "version": "==2018.4.16"
        },
        "chardet": {
            "hashes": [],
            "version": "==3.0.4"
        },
        "cssselect": {
            "hashes": [],
            "version": "==1.0.3"
        },
        "decorator": {
            "hashes": [],
            "version": "==4.3.0"
        },
        "entrypoints": {
            "hashes": [],
            "version": "==0.2.3"
        },
        "fake-useragent": {
            "hashes": [],
            "version": "==0.1.10"
        },
        "html5lib": {
            "hashes": [],
            "version": "==1.0.1"
        },
        "idna": {
            "hashes": [],
            "version": "==2.6"
        },
        "ipykernel": {
            "hashes": [],
            "version": "==4.8.2"
        },
        "ipython": {
            "hashes": [],
            "version": "==6.4.0"
        },
        "ipython-genutils": {
            "hashes": [],
            "version": "==0.2.0"
        },
        "ipywidgets": {
            "hashes": [],
            "version": "==7.2.1"
        },
        "jedi": {
            "hashes": [],
            "version": "==0.12.0"
        },
        "jinja2": {
            "hashes": [],
            "version": "==2.10"
        },
        "jsonschema": {
            "hashes": [],
            "version": "==2.6.0"
        },
        "jupyter": {
            "hashes": [],
            "version": "==1.0.0"
        },
        "jupyter-client": {
            "hashes": [],
            "version": "==5.2.3"
        },
        "jupyter-console": {
            "hashes": [],
            "version": "==5.2.0"
        },
        "jupyter-core": {
            "hashes": [],
            "version": "==4.4.0"
        },
        "lxml": {
            "hashes": [],
            "version": "==4.2.1"
        },
        "markupsafe": {
            "hashes": [],
            "version": "==1.0"
        },
        "mistune": {
            "hashes": [],
            "version": "==0.8.3"
        },
        "nbconvert": {
            "hashes": [],
            "version": "==5.3.1"
        },
        "nbformat": {
            "hashes": [],
            "version": "==4.4.0"
        },
        "notebook": {
            "hashes": [],
            "version": "==5.5.0"
        },
        "pandocfilters": {
            "hashes": [],
            "version": "==1.4.2"
        },
        "parse": {
            "hashes": [],
            "version": "==1.8.4"
        },
        "parso": {
            "hashes": [],
            "version": "==0.2.1"
        },
        "pexpect": {
            "hashes": [],
            "markers": "sys_platform != 'win32'",
            "version": "==4.6.0"
        },
        "pickleshare": {
            "hashes": [],
            "version": "==0.7.4"
        },
        "prompt-toolkit": {
            "hashes": [],
            "version": "==1.0.15"
        },
        "ptyprocess": {
            "hashes": [],
            "markers": "os_name != 'nt'",
            "version": "==0.5.2"
        },
        "pyee": {
            "hashes": [],
            "version": "==5.0.0"
        },
        "pygments": {
            "hashes": [],
            "version": "==2.2.0"
        },
        "pyppeteer": {
            "hashes": [],
            "version": "==0.0.17"
        },
        "pyquery": {
            "hashes": [],
            "version": "==1.4.0"
        },
        "python-dateutil": {
            "hashes": [],
            "version": "==2.7.3"
        },
        "pyzmq": {
            "hashes": [],
            "version": "==17.0.0"
        },
        "qtconsole": {
            "hashes": [],
            "version": "==4.3.1"
        },
        "requests": {
            "hashes": [],
            "version": "==2.18.4"
        },
        "requests-html": {
            "hashes": [],
            "version": "==0.9.0"
        },
        "send2trash": {
            "hashes": [],
            "version": "==1.5.0"
        },
        "simplegeneric": {
            "hashes": [],
            "version": "==0.8.1"
        },
        "six": {
            "hashes": [],
            "version": "==1.11.0"
        },
        "terminado": {
            "hashes": [],
            "version": "==0.8.1"
        },
        "testpath": {
            "hashes": [],
            "version": "==0.3.1"
        },
        "tornado": {
            "hashes": [],
            "version": "==5.0.2"
        },
        "traitlets": {
            "hashes": [],
            "version": "==4.3.2"
        },
        "urllib3": {
            "hashes": [],
            "version": "==1.22"
        },
        "w3lib": {
            "hashes": [],
            "version": "==1.19.0"
        },
        "wcwidth": {
            "hashes": [],
            "version": "==0.1.7"
        },
        "webencodings": {
            "hashes": [],
            "version": "==0.5.1"
        },
        "websockets": {
            "hashes": [],
            "version": "==5.0.1"
        },
        "widgetsnbextension": {
            "hashes": [],
            "version": "==3.2.1"
        }
    },
    "develop": {}
}
